PODS:
  - FangYuanObjC (0.0.1)
  - HaloObjC (0.2.5)
  - Reveal-iOS-SDK (1.6.2)

DEPENDENCIES:
  - FangYuanObjC (from `./FangYuanObjC`)
  - HaloObjC
  - Reveal-iOS-SDK

SPEC REPOS:
  https://github.com/CocoaPods/Specs.git:
    - HaloObjC
    - Reveal-iOS-SDK

EXTERNAL SOURCES:
  FangYuanObjC:
    :path: "./FangYuanObjC"

SPEC CHECKSUMS:
  FangYuanObjC: 6a6e66f63a5bbd98fd277a05407fb4bdc36389ec
  HaloObjC: 0e20be5a2a8d88b4a08470e359d8e6a6fed27cfc
  Reveal-iOS-SDK: e2250b3c155bcfac53ae223ddc1f76d08f206c33

PODFILE CHECKSUM: aa08834589cf6c1e9097c050a9727e18e85359d1

COCOAPODS: 1.5.0
